
Microsoft Visual Studio Solution File, Format Version 12.00
# Visual Studio 15
VisualStudioVersion = 15.0.26124.0
MinimumVisualStudioVersion = 15.0.26124.0
Project("{2150E333-8FDC-42A3-9474-1A3956D46DE8}") = "src", "src", "{B750D440-9DF1-460A-95FB-FFC329C85B42}"
EndProject
Project("{FAE04EC0-301F-11D3-BF4B-00C04F79EFBC}") = "MongoDb.Utilite", "src\MongoDb.Utilite\MongoDb.Utilite.csproj", "{D4EE1986-CC85-4582-9424-F4021B5680D9}"
EndProject
Project("{2150E333-8FDC-42A3-9474-1A3956D46DE8}") = "test", "test", "{F319287C-6EFE-479C-A56C-A98E111ABB93}"
EndProject
Project("{FAE04EC0-301F-11D3-BF4B-00C04F79EFBC}") = "MongoDb.Utilite.Tests", "test\MongoDb.Utilite.Tests\MongoDb.Utilite.Tests.csproj", "{A8C34D91-B702-4053-8400-19F62182E9BF}"
EndProject
Global
	GlobalSection(SolutionConfigurationPlatforms) = preSolution
		Debug|Any CPU = Debug|Any CPU
		Debug|x64 = Debug|x64
		Debug|x86 = Debug|x86
		Release|Any CPU = Release|Any CPU
		Release|x64 = Release|x64
		Release|x86 = Release|x86
	EndGlobalSection
	GlobalSection(SolutionProperties) = preSolution
		HideSolutionNode = FALSE
	EndGlobalSection
	GlobalSection(ProjectConfigurationPlatforms) = postSolution
		{D4EE1986-CC85-4582-9424-F4021B5680D9}.Debug|Any CPU.ActiveCfg = Debug|Any CPU
		{D4EE1986-CC85-4582-9424-F4021B5680D9}.Debug|Any CPU.Build.0 = Debug|Any CPU
		{D4EE1986-CC85-4582-9424-F4021B5680D9}.Debug|x64.ActiveCfg = Debug|Any CPU
		{D4EE1986-CC85-4582-9424-F4021B5680D9}.Debug|x64.Build.0 = Debug|Any CPU
		{D4EE1986-CC85-4582-9424-F4021B5680D9}.Debug|x86.ActiveCfg = Debug|Any CPU
		{D4EE1986-CC85-4582-9424-F4021B5680D9}.Debug|x86.Build.0 = Debug|Any CPU
		{D4EE1986-CC85-4582-9424-F4021B5680D9}.Release|Any CPU.ActiveCfg = Release|Any CPU
		{D4EE1986-CC85-4582-9424-F4021B5680D9}.Release|Any CPU.Build.0 = Release|Any CPU
		{D4EE1986-CC85-4582-9424-F4021B5680D9}.Release|x64.ActiveCfg = Release|Any CPU
		{D4EE1986-CC85-4582-9424-F4021B5680D9}.Release|x64.Build.0 = Release|Any CPU
		{D4EE1986-CC85-4582-9424-F4021B5680D9}.Release|x86.ActiveCfg = Release|Any CPU
		{D4EE1986-CC85-4582-9424-F4021B5680D9}.Release|x86.Build.0 = Release|Any CPU
		{A8C34D91-B702-4053-8400-19F62182E9BF}.Debug|Any CPU.ActiveCfg = Debug|Any CPU
		{A8C34D91-B702-4053-8400-19F62182E9BF}.Debug|Any CPU.Build.0 = Debug|Any CPU
		{A8C34D91-B702-4053-8400-19F62182E9BF}.Debug|x64.ActiveCfg = Debug|Any CPU
		{A8C34D91-B702-4053-8400-19F62182E9BF}.Debug|x64.Build.0 = Debug|Any CPU
		{A8C34D91-B702-4053-8400-19F62182E9BF}.Debug|x86.ActiveCfg = Debug|Any CPU
		{A8C34D91-B702-4053-8400-19F62182E9BF}.Debug|x86.Build.0 = Debug|Any CPU
		{A8C34D91-B702-4053-8400-19F62182E9BF}.Release|Any CPU.ActiveCfg = Release|Any CPU
		{A8C34D91-B702-4053-8400-19F62182E9BF}.Release|Any CPU.Build.0 = Release|Any CPU
		{A8C34D91-B702-4053-8400-19F62182E9BF}.Release|x64.ActiveCfg = Release|Any CPU
		{A8C34D91-B702-4053-8400-19F62182E9BF}.Release|x64.Build.0 = Release|Any CPU
		{A8C34D91-B702-4053-8400-19F62182E9BF}.Release|x86.ActiveCfg = Release|Any CPU
		{A8C34D91-B702-4053-8400-19F62182E9BF}.Release|x86.Build.0 = Release|Any CPU
	EndGlobalSection
	GlobalSection(NestedProjects) = preSolution
		{D4EE1986-CC85-4582-9424-F4021B5680D9} = {B750D440-9DF1-460A-95FB-FFC329C85B42}
		{A8C34D91-B702-4053-8400-19F62182E9BF} = {F319287C-6EFE-479C-A56C-A98E111ABB93}
	EndGlobalSection
EndGlobal
